
Microsoft Visual Studio Solution File, Format Version 12.00
# Visual Studio 2013
VisualStudioVersion = 12.0.31101.0
MinimumVisualStudioVersion = 10.0.40219.1
Project("{FAE04EC0-301F-11D3-BF4B-00C04F79EFBC}") = "lastTestCandG", "lastTestCandG.csproj", "{017E7628-73D5-488D-B2BF-9CAF1365DC44}"
EndProject
Global
	GlobalSection(SolutionConfigurationPlatforms) = preSolution
		Debug|Any CPU = Debug|Any CPU
		Release|Any CPU = Release|Any CPU
	EndGlobalSection
	GlobalSection(ProjectConfigurationPlatforms) = postSolution
		{017E7628-73D5-488D-B2BF-9CAF1365DC44}.Debug|Any CPU.ActiveCfg = Debug|Any CPU
		{017E7628-73D5-488D-B2BF-9CAF1365DC44}.Debug|Any CPU.Build.0 = Debug|Any CPU
		{017E7628-73D5-488D-B2BF-9CAF1365DC44}.Release|Any CPU.ActiveCfg = Release|Any CPU
		{017E7628-73D5-488D-B2BF-9CAF1365DC44}.Release|Any CPU.Build.0 = Release|Any CPU
	EndGlobalSection
	GlobalSection(SolutionProperties) = preSolution
		HideSolutionNode = FALSE
	EndGlobalSection
EndGlobal
